
Microsoft Visual Studio Solution File, Format Version 12.00
# Visual Studio Version 16
VisualStudioVersion = 16.0.28922.388
MinimumVisualStudioVersion = 10.0.40219.1
Project("{9A19103F-16F7-4668-BE54-9A1E7A4F7556}") = "webAPI", "webAPI\webAPI.csproj", "{8BDA2FF6-F634-46A6-B5ED-FD74E7B2E9BE}"
	ProjectSection(ProjectDependencies) = postProject
		{91673F8B-5954-4B07-97E6-DD486A1FF230} = {91673F8B-5954-4B07-97E6-DD486A1FF230}
	EndProjectSection
EndProject
Project("{FAE04EC0-301F-11D3-BF4B-00C04F79EFBC}") = "webCmdLine", "webCmdLine\webCmdLine.csproj", "{1ACA4FF7-CC8C-4C5A-A2CD-FE2F36503B73}"
	ProjectSection(ProjectDependencies) = postProject
		{91673F8B-5954-4B07-97E6-DD486A1FF230} = {91673F8B-5954-4B07-97E6-DD486A1FF230}
	EndProjectSection
EndProject
Project("{FAE04EC0-301F-11D3-BF4B-00C04F79EFBC}") = "web", "web\web.csproj", "{91673F8B-5954-4B07-97E6-DD486A1FF230}"
EndProject
Project("{FAE04EC0-301F-11D3-BF4B-00C04F79EFBC}") = "webTests", "webTests\webTests.csproj", "{D7D0964B-7BB8-4B86-92F4-F192DCD55CC0}"
	ProjectSection(ProjectDependencies) = postProject
		{91673F8B-5954-4B07-97E6-DD486A1FF230} = {91673F8B-5954-4B07-97E6-DD486A1FF230}
	EndProjectSection
EndProject
Global
	GlobalSection(SolutionConfigurationPlatforms) = preSolution
		Debug|Any CPU = Debug|Any CPU
		Release|Any CPU = Release|Any CPU
	EndGlobalSection
	GlobalSection(ProjectConfigurationPlatforms) = postSolution
		{8BDA2FF6-F634-46A6-B5ED-FD74E7B2E9BE}.Debug|Any CPU.ActiveCfg = Debug|Any CPU
		{8BDA2FF6-F634-46A6-B5ED-FD74E7B2E9BE}.Debug|Any CPU.Build.0 = Debug|Any CPU
		{8BDA2FF6-F634-46A6-B5ED-FD74E7B2E9BE}.Release|Any CPU.ActiveCfg = Release|Any CPU
		{8BDA2FF6-F634-46A6-B5ED-FD74E7B2E9BE}.Release|Any CPU.Build.0 = Release|Any CPU
		{1ACA4FF7-CC8C-4C5A-A2CD-FE2F36503B73}.Debug|Any CPU.ActiveCfg = Debug|Any CPU
		{1ACA4FF7-CC8C-4C5A-A2CD-FE2F36503B73}.Debug|Any CPU.Build.0 = Debug|Any CPU
		{1ACA4FF7-CC8C-4C5A-A2CD-FE2F36503B73}.Release|Any CPU.ActiveCfg = Release|Any CPU
		{1ACA4FF7-CC8C-4C5A-A2CD-FE2F36503B73}.Release|Any CPU.Build.0 = Release|Any CPU
		{91673F8B-5954-4B07-97E6-DD486A1FF230}.Debug|Any CPU.ActiveCfg = Debug|Any CPU
		{91673F8B-5954-4B07-97E6-DD486A1FF230}.Debug|Any CPU.Build.0 = Debug|Any CPU
		{91673F8B-5954-4B07-97E6-DD486A1FF230}.Release|Any CPU.ActiveCfg = Release|Any CPU
		{91673F8B-5954-4B07-97E6-DD486A1FF230}.Release|Any CPU.Build.0 = Release|Any CPU
		{D7D0964B-7BB8-4B86-92F4-F192DCD55CC0}.Debug|Any CPU.ActiveCfg = Debug|Any CPU
		{D7D0964B-7BB8-4B86-92F4-F192DCD55CC0}.Debug|Any CPU.Build.0 = Debug|Any CPU
		{D7D0964B-7BB8-4B86-92F4-F192DCD55CC0}.Release|Any CPU.ActiveCfg = Release|Any CPU
		{D7D0964B-7BB8-4B86-92F4-F192DCD55CC0}.Release|Any CPU.Build.0 = Release|Any CPU
	EndGlobalSection
	GlobalSection(SolutionProperties) = preSolution
		HideSolutionNode = FALSE
	EndGlobalSection
	GlobalSection(ExtensibilityGlobals) = postSolution
		SolutionGuid = {EFB872E5-6111-493E-A9B6-B13E1782FD93}
	EndGlobalSection
EndGlobal
